[[package]]
name = "certifi"
version = "2022.6.15"
description = "Python package for providing Mozilla's CA Bundle."
category = "main"
optional = false
python-versions = ">=3.6"

[[package]]
name = "charset-normalizer"
version = "2.1.0"
description = "The Real First Universal Charset Detector. Open, modern and actively maintained alternative to Chardet."
category = "main"
optional = false
python-versions = ">=3.6.0"

[package.extras]
unicode_backport = ["unicodedata2"]

[[package]]
name = "click"
version = "8.1.3"
description = "Composable command line interface toolkit"
category = "main"
optional = false
python-versions = ">=3.7"

[package.dependencies]
colorama = {version = "*", markers = "platform_system == \"Windows\""}

[[package]]
name = "colorama"
version = "0.4.5"
description = "Cross-platform colored terminal text."
category = "main"
optional = false
python-versions = ">=2.7, !=3.0.*, !=3.1.*, !=3.2.*, !=3.3.*, !=3.4.*"

[[package]]
name = "docker-pycreds"
version = "0.4.0"
description = "Python bindings for the docker credentials store API"
category = "main"
optional = false
python-versions = "*"

[package.dependencies]
six = ">=1.4.0"

[[package]]
name = "gitdb"
version = "4.0.9"
description = "Git Object Database"
category = "main"
optional = false
python-versions = ">=3.6"

[package.dependencies]
smmap = ">=3.0.1,<6"

[[package]]
name = "gitpython"
version = "3.1.27"
description = "GitPython is a python library used to interact with Git repositories"
category = "main"
optional = false
python-versions = ">=3.7"

[package.dependencies]
gitdb = ">=4.0.1,<5"

[[package]]
name = "idna"
version = "3.3"
description = "Internationalized Domain Names in Applications (IDNA)"
category = "main"
optional = false
python-versions = ">=3.5"

[[package]]
name = "joblib"
version = "1.1.0"
description = "Lightweight pipelining with Python functions"
category = "main"
optional = false
python-versions = ">=3.6"

[[package]]
name = "numpy"
version = "1.23.2"
description = "NumPy is the fundamental package for array computing with Python."
category = "main"
optional = false
python-versions = ">=3.8"

[[package]]
name = "pathtools"
version = "0.1.2"
description = "File system general utilities"
category = "main"
optional = false
python-versions = "*"

[[package]]
name = "promise"
version = "2.3"
description = "Promises/A+ implementation for Python"
category = "main"
optional = false
python-versions = "*"

[package.dependencies]
six = "*"

[package.extras]
test = ["pytest (>=2.7.3)", "pytest-cov", "coveralls", "futures", "pytest-benchmark", "mock"]

[[package]]
name = "protobuf"
version = "3.20.1"
description = "Protocol Buffers"
category = "main"
optional = false
python-versions = ">=3.7"

[[package]]
name = "psutil"
version = "5.9.1"
description = "Cross-platform lib for process and system monitoring in Python."
category = "main"
optional = false
python-versions = ">=2.7, !=3.0.*, !=3.1.*, !=3.2.*, !=3.3.*"

[package.extras]
test = ["ipaddress", "mock", "enum34", "pywin32", "wmi"]

[[package]]
name = "pyyaml"
version = "6.0"
description = "YAML parser and emitter for Python"
category = "main"
optional = false
python-versions = ">=3.6"

[[package]]
name = "requests"
version = "2.28.1"
description = "Python HTTP for Humans."
category = "main"
optional = false
python-versions = ">=3.7, <4"

[package.dependencies]
certifi = ">=2017.4.17"
charset-normalizer = ">=2,<3"
idna = ">=2.5,<4"
urllib3 = ">=1.21.1,<1.27"

[package.extras]
socks = ["PySocks (>=1.5.6,!=1.5.7)"]
use_chardet_on_py3 = ["chardet (>=3.0.2,<6)"]

[[package]]
name = "scikit-learn"
version = "1.1.2"
description = "A set of python modules for machine learning and data mining"
category = "main"
optional = false
python-versions = ">=3.8"

[package.dependencies]
joblib = ">=1.0.0"
numpy = ">=1.17.3"
scipy = ">=1.3.2"
threadpoolctl = ">=2.0.0"

[package.extras]
tests = ["numpydoc (>=1.2.0)", "pyamg (>=4.0.0)", "mypy (>=0.961)", "black (>=22.3.0)", "flake8 (>=3.8.2)", "pytest-cov (>=2.9.0)", "pytest (>=5.0.1)", "pandas (>=1.0.5)", "scikit-image (>=0.16.2)", "matplotlib (>=3.1.2)"]
examples = ["seaborn (>=0.9.0)", "pandas (>=1.0.5)", "scikit-image (>=0.16.2)", "matplotlib (>=3.1.2)"]
docs = ["sphinxext-opengraph (>=0.4.2)", "sphinx-prompt (>=1.3.0)", "Pillow (>=7.1.2)", "numpydoc (>=1.2.0)", "sphinx-gallery (>=0.7.0)", "sphinx (>=4.0.1)", "memory-profiler (>=0.57.0)", "seaborn (>=0.9.0)", "pandas (>=1.0.5)", "scikit-image (>=0.16.2)", "matplotlib (>=3.1.2)"]
benchmark = ["memory-profiler (>=0.57.0)", "pandas (>=1.0.5)", "matplotlib (>=3.1.2)"]

[[package]]
name = "scipy"
version = "1.9.0"
description = "SciPy: Scientific Library for Python"
category = "main"
optional = false
python-versions = ">=3.8,<3.12"

[package.dependencies]
numpy = ">=1.18.5,<1.25.0"

[[package]]
name = "sentry-sdk"
version = "1.9.4"
description = "Python client for Sentry (https://sentry.io)"
category = "main"
optional = false
python-versions = "*"

[package.dependencies]
certifi = "*"
urllib3 = [
    {version = ">=1.26.11", markers = "python_version >= \"3.6\""},
    {version = ">=1.26.9", markers = "python_version >= \"3.5\""},
]

[package.extras]
tornado = ["tornado (>=5)"]
starlette = ["starlette (>=0.19.1)"]
sqlalchemy = ["sqlalchemy (>=1.2)"]
sanic = ["sanic (>=0.8)"]
rq = ["rq (>=0.6)"]
quart = ["blinker (>=1.1)", "quart (>=0.16.1)"]
pyspark = ["pyspark (>=2.4.4)"]
pure_eval = ["asttokens", "executing", "pure-eval"]
httpx = ["httpx (>=0.16.0)"]
flask = ["blinker (>=1.1)", "flask (>=0.11)"]
fastapi = ["fastapi (>=0.79.0)"]
falcon = ["falcon (>=1.4)"]
django = ["django (>=1.8)"]
chalice = ["chalice (>=1.16.0)"]
celery = ["celery (>=3)"]
bottle = ["bottle (>=0.12.13)"]
beam = ["apache-beam (>=2.12)"]
aiohttp = ["aiohttp (>=3.5)"]

[[package]]
name = "setproctitle"
version = "1.3.2"
description = "A Python module to customize the process title"
category = "main"
optional = false
python-versions = ">=3.7"

[package.extras]
test = ["pytest"]

[[package]]
name = "shortuuid"
version = "1.0.9"
description = "A generator library for concise, unambiguous and URL-safe UUIDs."
category = "main"
optional = false
python-versions = ">=3.5"

[[package]]
name = "six"
version = "1.16.0"
description = "Python 2 and 3 compatibility utilities"
category = "main"
optional = false
python-versions = ">=2.7, !=3.0.*, !=3.1.*, !=3.2.*"

[[package]]
name = "smmap"
version = "5.0.0"
description = "A pure Python implementation of a sliding window memory map manager"
category = "main"
optional = false
python-versions = ">=3.6"

[[package]]
name = "threadpoolctl"
version = "3.1.0"
description = "threadpoolctl"
category = "main"
optional = false
python-versions = ">=3.6"

[[package]]
name = "urllib3"
version = "1.26.11"
description = "HTTP library with thread-safe connection pooling, file post, and more."
category = "main"
optional = false
python-versions = ">=2.7, !=3.0.*, !=3.1.*, !=3.2.*, !=3.3.*, !=3.4.*, !=3.5.*, <4"

[package.extras]
brotli = ["brotlicffi (>=0.8.0)", "brotli (>=1.0.9)", "brotlipy (>=0.6.0)"]
secure = ["pyOpenSSL (>=0.14)", "cryptography (>=1.3.4)", "idna (>=2.0.0)", "certifi", "ipaddress"]
socks = ["PySocks (>=1.5.6,!=1.5.7,<2.0)"]

[[package]]
name = "wandb"
version = "0.13.1"
description = "A CLI and library for interacting with the Weights and Biases API."
category = "main"
optional = false
python-versions = ">=3.6"

[package.dependencies]
Click = ">=7.0,<8.0.0 || >8.0.0"
docker-pycreds = ">=0.4.0"
GitPython = ">=1.0.0"
pathtools = "*"
promise = ">=2.0,<3"
protobuf = ">=3.12.0,<4.0dev"
psutil = ">=5.0.0"
PyYAML = "*"
requests = ">=2.0.0,<3"
sentry-sdk = ">=1.0.0"
setproctitle = "*"
shortuuid = ">=0.5.0"
six = ">=1.13.0"

[package.extras]
aws = ["boto3"]
azure = ["azure-storage-blob"]
gcp = ["google-cloud-storage"]
grpc = ["grpcio (>=1.27.2)"]
kubeflow = ["kubernetes", "minio", "google-cloud-storage", "sh"]
launch = ["nbconvert", "nbformat", "chardet", "iso8601", "typing-extensions", "boto3", "botocore", "google-cloud-storage", "kubernetes"]
media = ["numpy", "moviepy", "pillow", "bokeh", "soundfile", "plotly", "rdkit-pypi"]
models = ["cloudpickle"]
sweeps = ["sweeps (>=0.1.0)"]

[metadata]
lock-version = "1.1"
python-versions = ">=3.10,<3.12"
content-hash = "ad589cc4f5a185e67f2e05f6691d2a8f436d066ada1fafcff52ebb93ddd3d611"

[metadata.files]
certifi = []
charset-normalizer = []
click = []
colorama = []
docker-pycreds = []
gitdb = []
gitpython = []
idna = []
joblib = []
numpy = [
    {file = "numpy-1.23.2-cp310-cp310-macosx_10_9_x86_64.whl", hash = "sha256:e603ca1fb47b913942f3e660a15e55a9ebca906857edfea476ae5f0fe9b457d5"},
    {file = "numpy-1.23.2-cp310-cp310-macosx_11_0_arm64.whl", hash = "sha256:633679a472934b1c20a12ed0c9a6c9eb167fbb4cb89031939bfd03dd9dbc62b8"},
    {file = "numpy-1.23.2-cp310-cp310-manylinux_2_17_aarch64.manylinux2014_aarch64.whl", hash = "sha256:17e5226674f6ea79e14e3b91bfbc153fdf3ac13f5cc54ee7bc8fdbe820a32da0"},
    {file = "numpy-1.23.2-cp310-cp310-manylinux_2_17_x86_64.manylinux2014_x86_64.whl", hash = "sha256:bdc02c0235b261925102b1bd586579b7158e9d0d07ecb61148a1799214a4afd5"},
    {file = "numpy-1.23.2-cp310-cp310-win32.whl", hash = "sha256:df28dda02c9328e122661f399f7655cdcbcf22ea42daa3650a26bce08a187450"},
    {file = "numpy-1.23.2-cp310-cp310-win_amd64.whl", hash = "sha256:8ebf7e194b89bc66b78475bd3624d92980fca4e5bb86dda08d677d786fefc414"},
    {file = "numpy-1.23.2-cp311-cp311-macosx_10_9_x86_64.whl", hash = "sha256:dc76bca1ca98f4b122114435f83f1fcf3c0fe48e4e6f660e07996abf2f53903c"},
    {file = "numpy-1.23.2-cp311-cp311-macosx_11_0_arm64.whl", hash = "sha256:ecfdd68d334a6b97472ed032b5b37a30d8217c097acfff15e8452c710e775524"},
    {file = "numpy-1.23.2-cp311-cp311-manylinux_2_17_aarch64.manylinux2014_aarch64.whl", hash = "sha256:5593f67e66dea4e237f5af998d31a43e447786b2154ba1ad833676c788f37cde"},
    {file = "numpy-1.23.2-cp311-cp311-manylinux_2_17_x86_64.manylinux2014_x86_64.whl", hash = "sha256:ac987b35df8c2a2eab495ee206658117e9ce867acf3ccb376a19e83070e69418"},
    {file = "numpy-1.23.2-cp311-cp311-win32.whl", hash = "sha256:d98addfd3c8728ee8b2c49126f3c44c703e2b005d4a95998e2167af176a9e722"},
    {file = "numpy-1.23.2-cp311-cp311-win_amd64.whl", hash = "sha256:8ecb818231afe5f0f568c81f12ce50f2b828ff2b27487520d85eb44c71313b9e"},
    {file = "numpy-1.23.2-cp38-cp38-macosx_10_9_x86_64.whl", hash = "sha256:909c56c4d4341ec8315291a105169d8aae732cfb4c250fbc375a1efb7a844f8f"},
    {file = "numpy-1.23.2-cp38-cp38-macosx_11_0_arm64.whl", hash = "sha256:8247f01c4721479e482cc2f9f7d973f3f47810cbc8c65e38fd1bbd3141cc9842"},
    {file = "numpy-1.23.2-cp38-cp38-manylinux_2_17_aarch64.manylinux2014_aarch64.whl", hash = "sha256:b8b97a8a87cadcd3f94659b4ef6ec056261fa1e1c3317f4193ac231d4df70215"},
    {file = "numpy-1.23.2-cp38-cp38-manylinux_2_17_x86_64.manylinux2014_x86_64.whl", hash = "sha256:bd5b7ccae24e3d8501ee5563e82febc1771e73bd268eef82a1e8d2b4d556ae66"},
    {file = "numpy-1.23.2-cp38-cp38-win32.whl", hash = "sha256:9b83d48e464f393d46e8dd8171687394d39bc5abfe2978896b77dc2604e8635d"},
    {file = "numpy-1.23.2-cp38-cp38-win_amd64.whl", hash = "sha256:dec198619b7dbd6db58603cd256e092bcadef22a796f778bf87f8592b468441d"},
    {file = "numpy-1.23.2-cp39-cp39-macosx_10_9_x86_64.whl", hash = "sha256:4f41f5bf20d9a521f8cab3a34557cd77b6f205ab2116651f12959714494268b0"},
    {file = "numpy-1.23.2-cp39-cp39-macosx_11_0_arm64.whl", hash = "sha256:806cc25d5c43e240db709875e947076b2826f47c2c340a5a2f36da5bb10c58d6"},
    {file = "numpy-1.23.2-cp39-cp39-manylinux_2_17_aarch64.manylinux2014_aarch64.whl", hash = "sha256:8f9d84a24889ebb4c641a9b99e54adb8cab50972f0166a3abc14c3b93163f074"},
    {file = "numpy-1.23.2-cp39-cp39-manylinux_2_17_x86_64.manylinux2014_x86_64.whl", hash = "sha256:c403c81bb8ffb1c993d0165a11493fd4bf1353d258f6997b3ee288b0a48fce77"},
    {file = "numpy-1.23.2-cp39-cp39-win32.whl", hash = "sha256:cf8c6aed12a935abf2e290860af8e77b26a042eb7f2582ff83dc7ed5f963340c"},
    {file = "numpy-1.23.2-cp39-cp39-win_amd64.whl", hash = "sha256:5e28cd64624dc2354a349152599e55308eb6ca95a13ce6a7d5679ebff2962913"},
    {file = "numpy-1.23.2-pp38-pypy38_pp73-macosx_10_9_x86_64.whl", hash = "sha256:806970e69106556d1dd200e26647e9bee5e2b3f1814f9da104a943e8d548ca38"},
    {file = "numpy-1.23.2-pp38-pypy38_pp73-manylinux_2_17_x86_64.manylinux2014_x86_64.whl", hash = "sha256:2bd879d3ca4b6f39b7770829f73278b7c5e248c91d538aab1e506c628353e47f"},
    {file = "numpy-1.23.2-pp38-pypy38_pp73-win_amd64.whl", hash = "sha256:be6b350dfbc7f708d9d853663772a9310783ea58f6035eec649fb9c4371b5389"},
    {file = "numpy-1.23.2.tar.gz", hash = "sha256:b78d00e48261fbbd04aa0d7427cf78d18401ee0abd89c7559bbf422e5b1c7d01"},
]
pathtools = []
promise = []
protobuf = []
psutil = []
pyyaml = []
requests = []
scikit-learn = []
scipy = []
sentry-sdk = [
    {file = "sentry-sdk-1.9.4.tar.gz", hash = "sha256:f1e2333d1922dca3f91e57dad872c73b3cc449ac8542867664fb898b2eec342f"},
    {file = "sentry_sdk-1.9.4-py2.py3-none-any.whl", hash = "sha256:02b7bf195f209f51c9f9458098a8f541dbf82314d21477e68ad841668fcf9a46"},
]
setproctitle = [
    {file = "setproctitle-1.3.2-cp310-cp310-macosx_10_9_universal2.whl", hash = "sha256:288943dec88e178bb2fd868adf491197cc0fc8b6810416b1c6775e686bab87fe"},
    {file = "setproctitle-1.3.2-cp310-cp310-macosx_10_9_x86_64.whl", hash = "sha256:630f6fe5e24a619ccf970c78e084319ee8be5be253ecc9b5b216b0f474f5ef18"},
    {file = "setproctitle-1.3.2-cp310-cp310-manylinux_2_17_aarch64.manylinux2014_aarch64.whl", hash = "sha256:6c877691b90026670e5a70adfbcc735460a9f4c274d35ec5e8a43ce3f8443005"},
    {file = "setproctitle-1.3.2-cp310-cp310-manylinux_2_17_ppc64le.manylinux2014_ppc64le.whl", hash = "sha256:7a55fe05f15c10e8c705038777656fe45e3bd676d49ad9ac8370b75c66dd7cd7"},
    {file = "setproctitle-1.3.2-cp310-cp310-manylinux_2_5_i686.manylinux1_i686.manylinux_2_17_i686.manylinux2014_i686.whl", hash = "sha256:ab45146c71ca6592c9cc8b354a2cc9cc4843c33efcbe1d245d7d37ce9696552d"},
    {file = "setproctitle-1.3.2-cp310-cp310-manylinux_2_5_x86_64.manylinux1_x86_64.manylinux_2_17_x86_64.manylinux2014_x86_64.whl", hash = "sha256:e00c9d5c541a2713ba0e657e0303bf96ddddc412ef4761676adc35df35d7c246"},
    {file = "setproctitle-1.3.2-cp310-cp310-musllinux_1_1_aarch64.whl", hash = "sha256:265ecbe2c6eafe82e104f994ddd7c811520acdd0647b73f65c24f51374cf9494"},
    {file = "setproctitle-1.3.2-cp310-cp310-musllinux_1_1_i686.whl", hash = "sha256:c2c46200656280a064073447ebd363937562debef329482fd7e570c8d498f806"},
    {file = "setproctitle-1.3.2-cp310-cp310-musllinux_1_1_ppc64le.whl", hash = "sha256:fa2f50678f04fda7a75d0fe5dd02bbdd3b13cbe6ed4cf626e4472a7ccf47ae94"},
    {file = "setproctitle-1.3.2-cp310-cp310-musllinux_1_1_x86_64.whl", hash = "sha256:7f2719a398e1a2c01c2a63bf30377a34d0b6ef61946ab9cf4d550733af8f1ef1"},
    {file = "setproctitle-1.3.2-cp310-cp310-win32.whl", hash = "sha256:e425be62524dc0c593985da794ee73eb8a17abb10fe692ee43bb39e201d7a099"},
    {file = "setproctitle-1.3.2-cp310-cp310-win_amd64.whl", hash = "sha256:e85e50b9c67854f89635a86247412f3ad66b132a4d8534ac017547197c88f27d"},
    {file = "setproctitle-1.3.2-cp37-cp37m-macosx_10_9_x86_64.whl", hash = "sha256:92c626edc66169a1b09e9541b9c0c9f10488447d8a2b1d87c8f0672e771bc927"},
    {file = "setproctitle-1.3.2-cp37-cp37m-manylinux_2_17_aarch64.manylinux2014_aarch64.whl", hash = "sha256:710e16fa3bade3b026907e4a5e841124983620046166f355bbb84be364bf2a02"},
    {file = "setproctitle-1.3.2-cp37-cp37m-manylinux_2_17_ppc64le.manylinux2014_ppc64le.whl", hash = "sha256:1f29b75e86260b0ab59adb12661ef9f113d2f93a59951373eb6d68a852b13e83"},
    {file = "setproctitle-1.3.2-cp37-cp37m-manylinux_2_5_i686.manylinux1_i686.manylinux_2_17_i686.manylinux2014_i686.whl", hash = "sha256:1c8d9650154afaa86a44ff195b7b10d683c73509d085339d174e394a22cccbb9"},
    {file = "setproctitle-1.3.2-cp37-cp37m-manylinux_2_5_x86_64.manylinux1_x86_64.manylinux_2_17_x86_64.manylinux2014_x86_64.whl", hash = "sha256:f0452282258dfcc01697026a8841258dd2057c4438b43914b611bccbcd048f10"},
    {file = "setproctitle-1.3.2-cp37-cp37m-musllinux_1_1_aarch64.whl", hash = "sha256:e49ae693306d7624015f31cb3e82708916759d592c2e5f72a35c8f4cc8aef258"},
    {file = "setproctitle-1.3.2-cp37-cp37m-musllinux_1_1_i686.whl", hash = "sha256:1ff863a20d1ff6ba2c24e22436a3daa3cd80be1dfb26891aae73f61b54b04aca"},
    {file = "setproctitle-1.3.2-cp37-cp37m-musllinux_1_1_ppc64le.whl", hash = "sha256:55ce1e9925ce1765865442ede9dca0ba9bde10593fcd570b1f0fa25d3ec6b31c"},
    {file = "setproctitle-1.3.2-cp37-cp37m-musllinux_1_1_x86_64.whl", hash = "sha256:7fe9df7aeb8c64db6c34fc3b13271a363475d77bc157d3f00275a53910cb1989"},
    {file = "setproctitle-1.3.2-cp37-cp37m-win32.whl", hash = "sha256:e5c50e164cd2459bc5137c15288a9ef57160fd5cbf293265ea3c45efe7870865"},
    {file = "setproctitle-1.3.2-cp37-cp37m-win_amd64.whl", hash = "sha256:a499fff50387c1520c085a07578a000123f519e5f3eee61dd68e1d301659651f"},
    {file = "setproctitle-1.3.2-cp38-cp38-macosx_10_9_universal2.whl", hash = "sha256:5b932c3041aa924163f4aab970c2f0e6b4d9d773f4d50326e0ea1cd69240e5c5"},
    {file = "setproctitle-1.3.2-cp38-cp38-macosx_10_9_x86_64.whl", hash = "sha256:f4bfc89bd33ebb8e4c0e9846a09b1f5a4a86f5cb7a317e75cc42fee1131b4f4f"},
    {file = "setproctitle-1.3.2-cp38-cp38-manylinux_2_17_aarch64.manylinux2014_aarch64.whl", hash = "sha256:fcd3cf4286a60fdc95451d8d14e0389a6b4f5cebe02c7f2609325eb016535963"},
    {file = "setproctitle-1.3.2-cp38-cp38-manylinux_2_17_ppc64le.manylinux2014_ppc64le.whl", hash = "sha256:5fb4f769c02f63fac90989711a3fee83919f47ae9afd4758ced5d86596318c65"},
    {file = "setproctitle-1.3.2-cp38-cp38-manylinux_2_5_i686.manylinux1_i686.manylinux_2_17_i686.manylinux2014_i686.whl", hash = "sha256:5194b4969f82ea842a4f6af2f82cd16ebdc3f1771fb2771796e6add9835c1973"},
    {file = "setproctitle-1.3.2-cp38-cp38-manylinux_2_5_x86_64.manylinux1_x86_64.manylinux_2_17_x86_64.manylinux2014_x86_64.whl", hash = "sha256:1f0cde41857a644b7353a0060b5f94f7ba7cf593ebde5a1094da1be581ac9a31"},
    {file = "setproctitle-1.3.2-cp38-cp38-musllinux_1_1_aarch64.whl", hash = "sha256:9124bedd8006b0e04d4e8a71a0945da9b67e7a4ab88fdad7b1440dc5b6122c42"},
    {file = "setproctitle-1.3.2-cp38-cp38-musllinux_1_1_i686.whl", hash = "sha256:c8a09d570b39517de10ee5b718730e171251ce63bbb890c430c725c8c53d4484"},
    {file = "setproctitle-1.3.2-cp38-cp38-musllinux_1_1_ppc64le.whl", hash = "sha256:8ff3c8cb26afaed25e8bca7b9dd0c1e36de71f35a3a0706b5c0d5172587a3827"},
    {file = "setproctitle-1.3.2-cp38-cp38-musllinux_1_1_x86_64.whl", hash = "sha256:589be87172b238f839e19f146b9ea47c71e413e951ef0dc6db4218ddacf3c202"},
    {file = "setproctitle-1.3.2-cp38-cp38-win32.whl", hash = "sha256:4749a2b0c9ac52f864d13cee94546606f92b981b50e46226f7f830a56a9dc8e1"},
    {file = "setproctitle-1.3.2-cp38-cp38-win_amd64.whl", hash = "sha256:e43f315c68aa61cbdef522a2272c5a5b9b8fd03c301d3167b5e1343ef50c676c"},
    {file = "setproctitle-1.3.2-cp39-cp39-macosx_10_9_universal2.whl", hash = "sha256:de3a540cd1817ede31f530d20e6a4935bbc1b145fd8f8cf393903b1e02f1ae76"},
    {file = "setproctitle-1.3.2-cp39-cp39-macosx_10_9_x86_64.whl", hash = "sha256:4058564195b975ddc3f0462375c533cce310ccdd41b80ac9aed641c296c3eff4"},
    {file = "setproctitle-1.3.2-cp39-cp39-manylinux_2_17_aarch64.manylinux2014_aarch64.whl", hash = "sha256:1c5d5dad7c28bdd1ec4187d818e43796f58a845aa892bb4481587010dc4d362b"},
    {file = "setproctitle-1.3.2-cp39-cp39-manylinux_2_17_ppc64le.manylinux2014_ppc64le.whl", hash = "sha256:ffc61a388a5834a97953d6444a2888c24a05f2e333f9ed49f977a87bb1ad4761"},
    {file = "setproctitle-1.3.2-cp39-cp39-manylinux_2_5_i686.manylinux1_i686.manylinux_2_17_i686.manylinux2014_i686.whl", hash = "sha256:1fa1a0fbee72b47dc339c87c890d3c03a72ea65c061ade3204f285582f2da30f"},
    {file = "setproctitle-1.3.2-cp39-cp39-manylinux_2_5_x86_64.manylinux1_x86_64.manylinux_2_17_x86_64.manylinux2014_x86_64.whl", hash = "sha256:fe8a988c7220c002c45347430993830666e55bc350179d91fcee0feafe64e1d4"},
    {file = "setproctitle-1.3.2-cp39-cp39-musllinux_1_1_aarch64.whl", hash = "sha256:bae283e85fc084b18ffeb92e061ff7ac5af9e183c9d1345c93e178c3e5069cbe"},
    {file = "setproctitle-1.3.2-cp39-cp39-musllinux_1_1_i686.whl", hash = "sha256:fed18e44711c5af4b681c2b3b18f85e6f0f1b2370a28854c645d636d5305ccd8"},
    {file = "setproctitle-1.3.2-cp39-cp39-musllinux_1_1_ppc64le.whl", hash = "sha256:b34baef93bfb20a8ecb930e395ccd2ae3268050d8cf4fe187de5e2bd806fd796"},
    {file = "setproctitle-1.3.2-cp39-cp39-musllinux_1_1_x86_64.whl", hash = "sha256:7f0bed90a216ef28b9d227d8d73e28a8c9b88c0f48a082d13ab3fa83c581488f"},
    {file = "setproctitle-1.3.2-cp39-cp39-win32.whl", hash = "sha256:4d8938249a7cea45ab7e1e48b77685d0f2bab1ebfa9dde23e94ab97968996a7c"},
    {file = "setproctitle-1.3.2-cp39-cp39-win_amd64.whl", hash = "sha256:a47d97a75fd2d10c37410b180f67a5835cb1d8fdea2648fd7f359d4277f180b9"},
    {file = "setproctitle-1.3.2-pp37-pypy37_pp73-macosx_10_9_x86_64.whl", hash = "sha256:dad42e676c5261eb50fdb16bdf3e2771cf8f99a79ef69ba88729aeb3472d8575"},
    {file = "setproctitle-1.3.2-pp37-pypy37_pp73-manylinux_2_5_i686.manylinux1_i686.manylinux_2_17_i686.manylinux2014_i686.whl", hash = "sha256:c91b9bc8985d00239f7dc08a49927a7ca1ca8a6af2c3890feec3ed9665b6f91e"},
    {file = "setproctitle-1.3.2-pp37-pypy37_pp73-manylinux_2_5_x86_64.manylinux1_x86_64.manylinux_2_17_x86_64.manylinux2014_x86_64.whl", hash = "sha256:e8579a43eafd246e285eb3a5b939e7158073d5087aacdd2308f23200eac2458b"},
    {file = "setproctitle-1.3.2-pp37-pypy37_pp73-win_amd64.whl", hash = "sha256:2fbd8187948284293f43533c150cd69a0e4192c83c377da837dbcd29f6b83084"},
    {file = "setproctitle-1.3.2-pp38-pypy38_pp73-macosx_10_9_x86_64.whl", hash = "sha256:faec934cfe5fd6ac1151c02e67156c3f526e82f96b24d550b5d51efa4a5527c6"},
    {file = "setproctitle-1.3.2-pp38-pypy38_pp73-manylinux_2_5_i686.manylinux1_i686.manylinux_2_17_i686.manylinux2014_i686.whl", hash = "sha256:e1aafc91cbdacc9e5fe712c52077369168e6b6c346f3a9d51bf600b53eae56bb"},
    {file = "setproctitle-1.3.2-pp38-pypy38_pp73-manylinux_2_5_x86_64.manylinux1_x86_64.manylinux_2_17_x86_64.manylinux2014_x86_64.whl", hash = "sha256:b617f12c9be61e8f4b2857be4a4319754756845dbbbd9c3718f468bbb1e17bcb"},
    {file = "setproctitle-1.3.2-pp38-pypy38_pp73-win_amd64.whl", hash = "sha256:b2c9cb2705fc84cb8798f1ba74194f4c080aaef19d9dae843591c09b97678e98"},
    {file = "setproctitle-1.3.2-pp39-pypy39_pp73-macosx_10_9_x86_64.whl", hash = "sha256:a149a5f7f2c5a065d4e63cb0d7a4b6d3b66e6e80f12e3f8827c4f63974cbf122"},
    {file = "setproctitle-1.3.2-pp39-pypy39_pp73-manylinux_2_5_i686.manylinux1_i686.manylinux_2_17_i686.manylinux2014_i686.whl", hash = "sha256:2e3ac25bfc4a0f29d2409650c7532d5ddfdbf29f16f8a256fc31c47d0dc05172"},
    {file = "setproctitle-1.3.2-pp39-pypy39_pp73-manylinux_2_5_x86_64.manylinux1_x86_64.manylinux_2_17_x86_64.manylinux2014_x86_64.whl", hash = "sha256:65d884e22037b23fa25b2baf1a3316602ed5c5971eb3e9d771a38c3a69ce6e13"},
    {file = "setproctitle-1.3.2-pp39-pypy39_pp73-win_amd64.whl", hash = "sha256:7aa0aac1711fadffc1d51e9d00a3bea61f68443d6ac0241a224e4d622489d665"},
    {file = "setproctitle-1.3.2.tar.gz", hash = "sha256:b9fb97907c830d260fa0658ed58afd48a86b2b88aac521135c352ff7fd3477fd"},
]
shortuuid = []
six = [
    {file = "six-1.16.0-py2.py3-none-any.whl", hash = "sha256:8abb2f1d86890a2dfb989f9a77cfcfd3e47c2a354b01111771326f8aa26e0254"},
    {file = "six-1.16.0.tar.gz", hash = "sha256:1e61c37477a1626458e36f7b1d82aa5c9b094fa4802892072e49de9c60c4c926"},
]
smmap = []
threadpoolctl = []
urllib3 = []
wandb = []
